
Microsoft Visual Studio Solution File, Format Version 12.00
# Visual Studio 2012
Project("{8BC9CEB8-8B4A-11D0-8D11-00A0C91BC942}") = "Gameengine", "Gameengine\Gameengine.vcxproj", "{F427E97F-B774-47CB-96DC-3FEF99372745}"
EndProject
Project("{8BC9CEB8-8B4A-11D0-8D11-00A0C91BC942}") = "EngineUnitTest", "EngineUnitTest\EngineUnitTest.vcxproj", "{1C7F58C4-B524-405A-A92E-DE2F90E3CA79}"
EndProject
Global
	GlobalSection(SolutionConfigurationPlatforms) = preSolution
		Debug|Win32 = Debug|Win32
		Release|Win32 = Release|Win32
	EndGlobalSection
	GlobalSection(ProjectConfigurationPlatforms) = postSolution
		{F427E97F-B774-47CB-96DC-3FEF99372745}.Debug|Win32.ActiveCfg = Debug|Win32
		{F427E97F-B774-47CB-96DC-3FEF99372745}.Debug|Win32.Build.0 = Debug|Win32
		{F427E97F-B774-47CB-96DC-3FEF99372745}.Release|Win32.ActiveCfg = Release|Win32
		{F427E97F-B774-47CB-96DC-3FEF99372745}.Release|Win32.Build.0 = Release|Win32
		{1C7F58C4-B524-405A-A92E-DE2F90E3CA79}.Debug|Win32.ActiveCfg = Debug|Win32
		{1C7F58C4-B524-405A-A92E-DE2F90E3CA79}.Debug|Win32.Build.0 = Debug|Win32
		{1C7F58C4-B524-405A-A92E-DE2F90E3CA79}.Release|Win32.ActiveCfg = Release|Win32
		{1C7F58C4-B524-405A-A92E-DE2F90E3CA79}.Release|Win32.Build.0 = Release|Win32
	EndGlobalSection
	GlobalSection(SolutionProperties) = preSolution
		HideSolutionNode = FALSE
	EndGlobalSection
EndGlobal
